
Microsoft Visual Studio Solution File, Format Version 12.00
# Visual Studio Version 16
VisualStudioVersion = 16.0.30413.136
MinimumVisualStudioVersion = 10.0.40219.1
Project("{9A19103F-16F7-4668-BE54-9A1E7A4F7556}") = "ConManApp", "ConManApp.csproj", "{93FFE5E9-FBBD-4587-B11D-D75858F9D285}"
EndProject
Global
	GlobalSection(SolutionConfigurationPlatforms) = preSolution
		Debug|Any CPU = Debug|Any CPU
		Release|Any CPU = Release|Any CPU
	EndGlobalSection
	GlobalSection(ProjectConfigurationPlatforms) = postSolution
		{93FFE5E9-FBBD-4587-B11D-D75858F9D285}.Debug|Any CPU.ActiveCfg = Debug|Any CPU
		{93FFE5E9-FBBD-4587-B11D-D75858F9D285}.Debug|Any CPU.Build.0 = Debug|Any CPU
		{93FFE5E9-FBBD-4587-B11D-D75858F9D285}.Release|Any CPU.ActiveCfg = Release|Any CPU
		{93FFE5E9-FBBD-4587-B11D-D75858F9D285}.Release|Any CPU.Build.0 = Release|Any CPU
	EndGlobalSection
	GlobalSection(SolutionProperties) = preSolution
		HideSolutionNode = FALSE
	EndGlobalSection
	GlobalSection(ExtensibilityGlobals) = postSolution
		SolutionGuid = {4CB14CAB-5C7A-4264-9018-0BAFE63EB93C}
	EndGlobalSection
EndGlobal
